// !$*UTF8*$!
{
	archiveVersion = 1;
	classes = {
	};
	objectVersion = 56;
	objects = {

/* Begin PBXBuildFile section */
		159B14A1185981342257D31A /* Pods_NiceOneTask.framework in Frameworks */ = {isa = PBXBuildFile; fileRef = FB3352AC67E9F25661847621 /* Pods_NiceOneTask.framework */; };
		4C20B10CA555158ACFC3FC9C /* Pods_NiceOneTask_NiceOneTaskUITests.framework in Frameworks */ = {isa = PBXBuildFile; fileRef = 10C4D9D4F64C3CA45351ED41 /* Pods_NiceOneTask_NiceOneTaskUITests.framework */; };
		C7079F112CE5EC0373C521F1 /* Pods_NiceOneTaskTests.framework in Frameworks */ = {isa = PBXBuildFile; fileRef = 5A4F5125C1CF9FB741923DB7 /* Pods_NiceOneTaskTests.framework */; };
		D213D43E2B40566400F54720 /* AppDelegate.swift in Sources */ = {isa = PBXBuildFile; fileRef = D213D43D2B40566400F54720 /* AppDelegate.swift */; };
		D213D4402B40566400F54720 /* SceneDelegate.swift in Sources */ = {isa = PBXBuildFile; fileRef = D213D43F2B40566400F54720 /* SceneDelegate.swift */; };
		D213D4422B40566400F54720 /* ShoppingBasketVC.swift in Sources */ = {isa = PBXBuildFile; fileRef = D213D4412B40566400F54720 /* ShoppingBasketVC.swift */; };
		D213D4472B40566700F54720 /* Assets.xcassets in Resources */ = {isa = PBXBuildFile; fileRef = D213D4462B40566700F54720 /* Assets.xcassets */; };
		D213D44A2B40566700F54720 /* LaunchScreen.storyboard in Resources */ = {isa = PBXBuildFile; fileRef = D213D4482B40566700F54720 /* LaunchScreen.storyboard */; };
		D213D4552B40566800F54720 /* NiceOneTaskTests.swift in Sources */ = {isa = PBXBuildFile; fileRef = D213D4542B40566800F54720 /* NiceOneTaskTests.swift */; };
		D213D45F2B40566800F54720 /* NiceOneTaskUITests.swift in Sources */ = {isa = PBXBuildFile; fileRef = D213D45E2B40566800F54720 /* NiceOneTaskUITests.swift */; };
		D213D4612B40566800F54720 /* NiceOneTaskUITestsLaunchTests.swift in Sources */ = {isa = PBXBuildFile; fileRef = D213D4602B40566800F54720 /* NiceOneTaskUITestsLaunchTests.swift */; };
		D2935FA32B4413A9008A6DC9 /* ShoppingBasketModel.swift in Sources */ = {isa = PBXBuildFile; fileRef = D2935FA22B4413A9008A6DC9 /* ShoppingBasketModel.swift */; };
		D2935FA92B441753008A6DC9 /* ShoppingBasketData.json in Resources */ = {isa = PBXBuildFile; fileRef = D2935FA82B441753008A6DC9 /* ShoppingBasketData.json */; };
		D2935FAD2B449BEF008A6DC9 /* ColorExtension.swift in Sources */ = {isa = PBXBuildFile; fileRef = D2935FAC2B449BEE008A6DC9 /* ColorExtension.swift */; };
		D2935FB12B44ABC9008A6DC9 /* TableCell.swift in Sources */ = {isa = PBXBuildFile; fileRef = D2935FB02B44ABC8008A6DC9 /* TableCell.swift */; };
		D2935FB42B458881008A6DC9 /* ProductCell.swift in Sources */ = {isa = PBXBuildFile; fileRef = D2935FB32B458881008A6DC9 /* ProductCell.swift */; };
/* End PBXBuildFile section */

/* Begin PBXContainerItemProxy section */
		D213D4512B40566800F54720 /* PBXContainerItemProxy */ = {
			isa = PBXContainerItemProxy;
			containerPortal = D213D4322B40566400F54720 /* Project object */;
			proxyType = 1;
			remoteGlobalIDString = D213D4392B40566400F54720;
			remoteInfo = NiceOneTask;
		};
		D213D45B2B40566800F54720 /* PBXContainerItemProxy */ = {
			isa = PBXContainerItemProxy;
			containerPortal = D213D4322B40566400F54720 /* Project object */;
			proxyType = 1;
			remoteGlobalIDString = D213D4392B40566400F54720;
			remoteInfo = NiceOneTask;
		};
/* End PBXContainerItemProxy section */

/* Begin PBXFileReference section */
		10C4D9D4F64C3CA45351ED41 /* Pods_NiceOneTask_NiceOneTaskUITests.framework */ = {isa = PBXFileReference; explicitFileType = wrapper.framework; includeInIndex = 0; path = Pods_NiceOneTask_NiceOneTaskUITests.framework; sourceTree = BUILT_PRODUCTS_DIR; };
		264F103914366B31C1AC95C0 /* Pods-NiceOneTaskTests.release.xcconfig */ = {isa = PBXFileReference; includeInIndex = 1; lastKnownFileType = text.xcconfig; name = "Pods-NiceOneTaskTests.release.xcconfig"; path = "Target Support Files/Pods-NiceOneTaskTests/Pods-NiceOneTaskTests.release.xcconfig"; sourceTree = "<group>"; };
		5A4F5125C1CF9FB741923DB7 /* Pods_NiceOneTaskTests.framework */ = {isa = PBXFileReference; explicitFileType = wrapper.framework; includeInIndex = 0; path = Pods_NiceOneTaskTests.framework; sourceTree = BUILT_PRODUCTS_DIR; };
		6061CE3ADA7B751D166CD696 /* Pods-NiceOneTask-NiceOneTaskUITests.debug.xcconfig */ = {isa = PBXFileReference; includeInIndex = 1; lastKnownFileType = text.xcconfig; name = "Pods-NiceOneTask-NiceOneTaskUITests.debug.xcconfig"; path = "Target Support Files/Pods-NiceOneTask-NiceOneTaskUITests/Pods-NiceOneTask-NiceOneTaskUITests.debug.xcconfig"; sourceTree = "<group>"; };
		73E7B54EF9E5546DE90A5B3A /* Pods-NiceOneTask.release.xcconfig */ = {isa = PBXFileReference; includeInIndex = 1; lastKnownFileType = text.xcconfig; name = "Pods-NiceOneTask.release.xcconfig"; path = "Target Support Files/Pods-NiceOneTask/Pods-NiceOneTask.release.xcconfig"; sourceTree = "<group>"; };
		9781838372D698E3179706A4 /* Pods-NiceOneTaskTests.debug.xcconfig */ = {isa = PBXFileReference; includeInIndex = 1; lastKnownFileType = text.xcconfig; name = "Pods-NiceOneTaskTests.debug.xcconfig"; path = "Target Support Files/Pods-NiceOneTaskTests/Pods-NiceOneTaskTests.debug.xcconfig"; sourceTree = "<group>"; };
		ADB83C4D85BE6A51F097DED2 /* Pods-NiceOneTask-NiceOneTaskUITests.release.xcconfig */ = {isa = PBXFileReference; includeInIndex = 1; lastKnownFileType = text.xcconfig; name = "Pods-NiceOneTask-NiceOneTaskUITests.release.xcconfig"; path = "Target Support Files/Pods-NiceOneTask-NiceOneTaskUITests/Pods-NiceOneTask-NiceOneTaskUITests.release.xcconfig"; sourceTree = "<group>"; };
		D213D43A2B40566400F54720 /* NiceOneTask.app */ = {isa = PBXFileReference; explicitFileType = wrapper.application; includeInIndex = 0; path = NiceOneTask.app; sourceTree = BUILT_PRODUCTS_DIR; };
		D213D43D2B40566400F54720 /* AppDelegate.swift */ = {isa = PBXFileReference; lastKnownFileType = sourcecode.swift; path = AppDelegate.swift; sourceTree = "<group>"; };
		D213D43F2B40566400F54720 /* SceneDelegate.swift */ = {isa = PBXFileReference; lastKnownFileType = sourcecode.swift; path = SceneDelegate.swift; sourceTree = "<group>"; };
		D213D4412B40566400F54720 /* ShoppingBasketVC.swift */ = {isa = PBXFileReference; lastKnownFileType = sourcecode.swift; path = ShoppingBasketVC.swift; sourceTree = "<group>"; };
		D213D4462B40566700F54720 /* Assets.xcassets */ = {isa = PBXFileReference; lastKnownFileType = folder.assetcatalog; path = Assets.xcassets; sourceTree = "<group>"; };
		D213D4492B40566700F54720 /* Base */ = {isa = PBXFileReference; lastKnownFileType = file.storyboard; name = Base; path = Base.lproj/LaunchScreen.storyboard; sourceTree = "<group>"; };
		D213D44B2B40566700F54720 /* Info.plist */ = {isa = PBXFileReference; lastKnownFileType = text.plist.xml; path = Info.plist; sourceTree = "<group>"; };
		D213D4502B40566800F54720 /* NiceOneTaskTests.xctest */ = {isa = PBXFileReference; explicitFileType = wrapper.cfbundle; includeInIndex = 0; path = NiceOneTaskTests.xctest; sourceTree = BUILT_PRODUCTS_DIR; };
		D213D4542B40566800F54720 /* NiceOneTaskTests.swift */ = {isa = PBXFileReference; lastKnownFileType = sourcecode.swift; path = NiceOneTaskTests.swift; sourceTree = "<group>"; };
		D213D45A2B40566800F54720 /* NiceOneTaskUITests.xctest */ = {isa = PBXFileReference; explicitFileType = wrapper.cfbundle; includeInIndex = 0; path = NiceOneTaskUITests.xctest; sourceTree = BUILT_PRODUCTS_DIR; };
		D213D45E2B40566800F54720 /* NiceOneTaskUITests.swift */ = {isa = PBXFileReference; lastKnownFileType = sourcecode.swift; path = NiceOneTaskUITests.swift; sourceTree = "<group>"; };
		D213D4602B40566800F54720 /* NiceOneTaskUITestsLaunchTests.swift */ = {isa = PBXFileReference; lastKnownFileType = sourcecode.swift; path = NiceOneTaskUITestsLaunchTests.swift; sourceTree = "<group>"; };
		D2935FA22B4413A9008A6DC9 /* ShoppingBasketModel.swift */ = {isa = PBXFileReference; lastKnownFileType = sourcecode.swift; path = ShoppingBasketModel.swift; sourceTree = "<group>"; };
		D2935FA82B441753008A6DC9 /* ShoppingBasketData.json */ = {isa = PBXFileReference; fileEncoding = 4; lastKnownFileType = text.json; path = ShoppingBasketData.json; sourceTree = "<group>"; };
		D2935FAC2B449BEE008A6DC9 /* ColorExtension.swift */ = {isa = PBXFileReference; fileEncoding = 4; lastKnownFileType = sourcecode.swift; path = ColorExtension.swift; sourceTree = "<group>"; };
		D2935FB02B44ABC8008A6DC9 /* TableCell.swift */ = {isa = PBXFileReference; lastKnownFileType = sourcecode.swift; path = TableCell.swift; sourceTree = "<group>"; };
		D2935FB32B458881008A6DC9 /* ProductCell.swift */ = {isa = PBXFileReference; lastKnownFileType = sourcecode.swift; path = ProductCell.swift; sourceTree = "<group>"; };
		DF7658AB700E33587B1848CF /* Pods-NiceOneTask.debug.xcconfig */ = {isa = PBXFileReference; includeInIndex = 1; lastKnownFileType = text.xcconfig; name = "Pods-NiceOneTask.debug.xcconfig"; path = "Target Support Files/Pods-NiceOneTask/Pods-NiceOneTask.debug.xcconfig"; sourceTree = "<group>"; };
		FB3352AC67E9F25661847621 /* Pods_NiceOneTask.framework */ = {isa = PBXFileReference; explicitFileType = wrapper.framework; includeInIndex = 0; path = Pods_NiceOneTask.framework; sourceTree = BUILT_PRODUCTS_DIR; };
/* End PBXFileReference section */

/* Begin PBXFrameworksBuildPhase section */
		D213D4372B40566400F54720 /* Frameworks */ = {
			isa = PBXFrameworksBuildPhase;
			buildActionMask = 2147483647;
			files = (
				159B14A1185981342257D31A /* Pods_NiceOneTask.framework in Frameworks */,
			);
			runOnlyForDeploymentPostprocessing = 0;
		};
		D213D44D2B40566800F54720 /* Frameworks */ = {
			isa = PBXFrameworksBuildPhase;
			buildActionMask = 2147483647;
			files = (
				C7079F112CE5EC0373C521F1 /* Pods_NiceOneTaskTests.framework in Frameworks */,
			);
			runOnlyForDeploymentPostprocessing = 0;
		};
		D213D4572B40566800F54720 /* Frameworks */ = {
			isa = PBXFrameworksBuildPhase;
			buildActionMask = 2147483647;
			files = (
				4C20B10CA555158ACFC3FC9C /* Pods_NiceOneTask_NiceOneTaskUITests.framework in Frameworks */,
			);
			runOnlyForDeploymentPostprocessing = 0;
		};
/* End PBXFrameworksBuildPhase section */

/* Begin PBXGroup section */
		0216085F0B4DE68B6C509915 /* Pods */ = {
			isa = PBXGroup;
			children = (
				DF7658AB700E33587B1848CF /* Pods-NiceOneTask.debug.xcconfig */,
				73E7B54EF9E5546DE90A5B3A /* Pods-NiceOneTask.release.xcconfig */,
				6061CE3ADA7B751D166CD696 /* Pods-NiceOneTask-NiceOneTaskUITests.debug.xcconfig */,
				ADB83C4D85BE6A51F097DED2 /* Pods-NiceOneTask-NiceOneTaskUITests.release.xcconfig */,
				9781838372D698E3179706A4 /* Pods-NiceOneTaskTests.debug.xcconfig */,
				264F103914366B31C1AC95C0 /* Pods-NiceOneTaskTests.release.xcconfig */,
			);
			path = Pods;
			sourceTree = "<group>";
		};
		D213D4312B40566400F54720 = {
			isa = PBXGroup;
			children = (
				D213D43C2B40566400F54720 /* NiceOneTask */,
				D213D4532B40566800F54720 /* NiceOneTaskTests */,
				D213D45D2B40566800F54720 /* NiceOneTaskUITests */,
				D213D43B2B40566400F54720 /* Products */,
				0216085F0B4DE68B6C509915 /* Pods */,
				EA7B198D5279FB5352008217 /* Frameworks */,
			);
			sourceTree = "<group>";
		};
		D213D43B2B40566400F54720 /* Products */ = {
			isa = PBXGroup;
			children = (
				D213D43A2B40566400F54720 /* NiceOneTask.app */,
				D213D4502B40566800F54720 /* NiceOneTaskTests.xctest */,
				D213D45A2B40566800F54720 /* NiceOneTaskUITests.xctest */,
			);
			name = Products;
			sourceTree = "<group>";
		};
		D213D43C2B40566400F54720 /* NiceOneTask */ = {
			isa = PBXGroup;
			children = (
				D2935FAA2B44293A008A6DC9 /* Delegates */,
				D2935FA72B441611008A6DC9 /* Helper Files */,
				D2935FA02B441386008A6DC9 /* Shopping Basket */,
				D213D4412B40566400F54720 /* ShoppingBasketVC.swift */,
				D213D4462B40566700F54720 /* Assets.xcassets */,
				D213D4482B40566700F54720 /* LaunchScreen.storyboard */,
				D213D44B2B40566700F54720 /* Info.plist */,
			);
			path = NiceOneTask;
			sourceTree = "<group>";
		};
		D213D4532B40566800F54720 /* NiceOneTaskTests */ = {
			isa = PBXGroup;
			children = (
				D213D4542B40566800F54720 /* NiceOneTaskTests.swift */,
			);
			path = NiceOneTaskTests;
			sourceTree = "<group>";
		};
		D213D45D2B40566800F54720 /* NiceOneTaskUITests */ = {
			isa = PBXGroup;
			children = (
				D213D45E2B40566800F54720 /* NiceOneTaskUITests.swift */,
				D213D4602B40566800F54720 /* NiceOneTaskUITestsLaunchTests.swift */,
			);
			path = NiceOneTaskUITests;
			sourceTree = "<group>";
		};
		D2935FA02B441386008A6DC9 /* Shopping Basket */ = {
			isa = PBXGroup;
			children = (
				D2935FAE2B44ABB0008A6DC9 /* cell */,
				D2935FA12B441391008A6DC9 /* Model */,
			);
			path = "Shopping Basket";
			sourceTree = "<group>";
		};
		D2935FA12B441391008A6DC9 /* Model */ = {
			isa = PBXGroup;
			children = (
				D2935FA22B4413A9008A6DC9 /* ShoppingBasketModel.swift */,
			);
			path = Model;
			sourceTree = "<group>";
		};
		D2935FA72B441611008A6DC9 /* Helper Files */ = {
			isa = PBXGroup;
			children = (
				D2935FAB2B449BCE008A6DC9 /* Extensions */,
				D2935FA82B441753008A6DC9 /* ShoppingBasketData.json */,
			);
			path = "Helper Files";
			sourceTree = "<group>";
		};
		D2935FAA2B44293A008A6DC9 /* Delegates */ = {
			isa = PBXGroup;
			children = (
				D213D43D2B40566400F54720 /* AppDelegate.swift */,
				D213D43F2B40566400F54720 /* SceneDelegate.swift */,
			);
			path = Delegates;
			sourceTree = "<group>";
		};
		D2935FAB2B449BCE008A6DC9 /* Extensions */ = {
			isa = PBXGroup;
			children = (
				D2935FAC2B449BEE008A6DC9 /* ColorExtension.swift */,
			);
			path = Extensions;
			sourceTree = "<group>";
		};
		D2935FAE2B44ABB0008A6DC9 /* cell */ = {
			isa = PBXGroup;
			children = (
				D2935FB22B458861008A6DC9 /* collection  cell */,
				D2935FAF2B44ABB7008A6DC9 /* table cell */,
			);
			path = cell;
			sourceTree = "<group>";
		};
		D2935FAF2B44ABB7008A6DC9 /* table cell */ = {
			isa = PBXGroup;
			children = (
				D2935FB02B44ABC8008A6DC9 /* TableCell.swift */,
			);
			path = "table cell";
			sourceTree = "<group>";
		};
		D2935FB22B458861008A6DC9 /* collection  cell */ = {
			isa = PBXGroup;
			children = (
				D2935FB32B458881008A6DC9 /* ProductCell.swift */,
			);
			path = "collection  cell";
			sourceTree = "<group>";
		};
		EA7B198D5279FB5352008217 /* Frameworks */ = {
			isa = PBXGroup;
			children = (
				FB3352AC67E9F25661847621 /* Pods_NiceOneTask.framework */,
				10C4D9D4F64C3CA45351ED41 /* Pods_NiceOneTask_NiceOneTaskUITests.framework */,
				5A4F5125C1CF9FB741923DB7 /* Pods_NiceOneTaskTests.framework */,
			);
			name = Frameworks;
			sourceTree = "<group>";
		};
/* End PBXGroup section */

/* Begin PBXNativeTarget section */
		D213D4392B40566400F54720 /* NiceOneTask */ = {
			isa = PBXNativeTarget;
			buildConfigurationList = D213D4642B40566800F54720 /* Build configuration list for PBXNativeTarget "NiceOneTask" */;
			buildPhases = (
				4D31BBA6E4CB42B7CEAA931B /* [CP] Check Pods Manifest.lock */,
				D213D4362B40566400F54720 /* Sources */,
				D213D4372B40566400F54720 /* Frameworks */,
				D213D4382B40566400F54720 /* Resources */,
				E0AFE5587E0178D70CAFD6CD /* [CP] Embed Pods Frameworks */,
			);
			buildRules = (
			);
			dependencies = (
			);
			name = NiceOneTask;
			productName = NiceOneTask;
			productReference = D213D43A2B40566400F54720 /* NiceOneTask.app */;
			productType = "com.apple.product-type.application";
		};
		D213D44F2B40566800F54720 /* NiceOneTaskTests */ = {
			isa = PBXNativeTarget;
			buildConfigurationList = D213D4672B40566800F54720 /* Build configuration list for PBXNativeTarget "NiceOneTaskTests" */;
			buildPhases = (
				5D894733E1934A8C0FE9CCD3 /* [CP] Check Pods Manifest.lock */,
				D213D44C2B40566800F54720 /* Sources */,
				D213D44D2B40566800F54720 /* Frameworks */,
				D213D44E2B40566800F54720 /* Resources */,
			);
			buildRules = (
			);
			dependencies = (
				D213D4522B40566800F54720 /* PBXTargetDependency */,
			);
			name = NiceOneTaskTests;
			productName = NiceOneTaskTests;
			productReference = D213D4502B40566800F54720 /* NiceOneTaskTests.xctest */;
			productType = "com.apple.product-type.bundle.unit-test";
		};
		D213D4592B40566800F54720 /* NiceOneTaskUITests */ = {
			isa = PBXNativeTarget;
			buildConfigurationList = D213D46A2B40566800F54720 /* Build configuration list for PBXNativeTarget "NiceOneTaskUITests" */;
			buildPhases = (
				353ABE93E14162EA31B12526 /* [CP] Check Pods Manifest.lock */,
				D213D4562B40566800F54720 /* Sources */,
				D213D4572B40566800F54720 /* Frameworks */,
				D213D4582B40566800F54720 /* Resources */,
				3FA172E86CE06BAE32329396 /* [CP] Embed Pods Frameworks */,
			);
			buildRules = (
			);
			dependencies = (
				D213D45C2B40566800F54720 /* PBXTargetDependency */,
			);
			name = NiceOneTaskUITests;
			productName = NiceOneTaskUITests;
			productReference = D213D45A2B40566800F54720 /* NiceOneTaskUITests.xctest */;
			productType = "com.apple.product-type.bundle.ui-testing";
		};
/* End PBXNativeTarget section */

/* Begin PBXProject section */
		D213D4322B40566400F54720 /* Project object */ = {
			isa = PBXProject;
			attributes = {
				BuildIndependentTargetsInParallel = 1;
				LastSwiftUpdateCheck = 1420;
				LastUpgradeCheck = 1420;
				TargetAttributes = {
					D213D4392B40566400F54720 = {
						CreatedOnToolsVersion = 14.2;
					};
					D213D44F2B40566800F54720 = {
						CreatedOnToolsVersion = 14.2;
						TestTargetID = D213D4392B40566400F54720;
					};
					D213D4592B40566800F54720 = {
						CreatedOnToolsVersion = 14.2;
						TestTargetID = D213D4392B40566400F54720;
					};
				};
			};
			buildConfigurationList = D213D4352B40566400F54720 /* Build configuration list for PBXProject "NiceOneTask" */;
			compatibilityVersion = "Xcode 14.0";
			developmentRegion = en;
			hasScannedForEncodings = 0;
			knownRegions = (
				en,
				Base,
			);
			mainGroup = D213D4312B40566400F54720;
			productRefGroup = D213D43B2B40566400F54720 /* Products */;
			projectDirPath = "";
			projectRoot = "";
			targets = (
				D213D4392B40566400F54720 /* NiceOneTask */,
				D213D44F2B40566800F54720 /* NiceOneTaskTests */,
				D213D4592B40566800F54720 /* NiceOneTaskUITests */,
			);
		};
/* End PBXProject section */

/* Begin PBXResourcesBuildPhase section */
		D213D4382B40566400F54720 /* Resources */ = {
			isa = PBXResourcesBuildPhase;
			buildActionMask = 2147483647;
			files = (
				D213D44A2B40566700F54720 /* LaunchScreen.storyboard in Resources */,
				D213D4472B40566700F54720 /* Assets.xcassets in Resources */,
				D2935FA92B441753008A6DC9 /* ShoppingBasketData.json in Resources */,
			);
			runOnlyForDeploymentPostprocessing = 0;
		};
		D213D44E2B40566800F54720 /* Resources */ = {
			isa = PBXResourcesBuildPhase;
			buildActionMask = 2147483647;
			files = (
			);
			runOnlyForDeploymentPostprocessing = 0;
		};
		D213D4582B40566800F54720 /* Resources */ = {
			isa = PBXResourcesBuildPhase;
			buildActionMask = 2147483647;
			files = (
			);
			runOnlyForDeploymentPostprocessing = 0;
		};
/* End PBXResourcesBuildPhase section */

/* Begin PBXShellScriptBuildPhase section */
		353ABE93E14162EA31B12526 /* [CP] Check Pods Manifest.lock */ = {
			isa = PBXShellScriptBuildPhase;
			buildActionMask = 2147483647;
			files = (
			);
			inputFileListPaths = (
			);
			inputPaths = (
				"${PODS_PODFILE_DIR_PATH}/Podfile.lock",
				"${PODS_ROOT}/Manifest.lock",
			);
			name = "[CP] Check Pods Manifest.lock";
			outputFileListPaths = (
			);
			outputPaths = (
				"$(DERIVED_FILE_DIR)/Pods-NiceOneTask-NiceOneTaskUITests-checkManifestLockResult.txt",
			);
			runOnlyForDeploymentPostprocessing = 0;
			shellPath = /bin/sh;
			shellScript = "diff \"${PODS_PODFILE_DIR_PATH}/Podfile.lock\" \"${PODS_ROOT}/Manifest.lock\" > /dev/null\nif [ $? != 0 ] ; then\n    # print error to STDERR\n    echo \"error: The sandbox is not in sync with the Podfile.lock. Run 'pod install' or update your CocoaPods installation.\" >&2\n    exit 1\nfi\n# This output is used by Xcode 'outputs' to avoid re-running this script phase.\necho \"SUCCESS\" > \"${SCRIPT_OUTPUT_FILE_0}\"\n";
			showEnvVarsInLog = 0;
		};
		3FA172E86CE06BAE32329396 /* [CP] Embed Pods Frameworks */ = {
			isa = PBXShellScriptBuildPhase;
			buildActionMask = 2147483647;
			files = (
			);
			inputFileListPaths = (
				"${PODS_ROOT}/Target Support Files/Pods-NiceOneTask-NiceOneTaskUITests/Pods-NiceOneTask-NiceOneTaskUITests-frameworks-${CONFIGURATION}-input-files.xcfilelist",
			);
			name = "[CP] Embed Pods Frameworks";
			outputFileListPaths = (
				"${PODS_ROOT}/Target Support Files/Pods-NiceOneTask-NiceOneTaskUITests/Pods-NiceOneTask-NiceOneTaskUITests-frameworks-${CONFIGURATION}-output-files.xcfilelist",
			);
			runOnlyForDeploymentPostprocessing = 0;
			shellPath = /bin/sh;
			shellScript = "\"${PODS_ROOT}/Target Support Files/Pods-NiceOneTask-NiceOneTaskUITests/Pods-NiceOneTask-NiceOneTaskUITests-frameworks.sh\"\n";
			showEnvVarsInLog = 0;
		};
		4D31BBA6E4CB42B7CEAA931B /* [CP] Check Pods Manifest.lock */ = {
			isa = PBXShellScriptBuildPhase;
			buildActionMask = 2147483647;
			files = (
			);
			inputFileListPaths = (
			);
			inputPaths = (
				"${PODS_PODFILE_DIR_PATH}/Podfile.lock",
				"${PODS_ROOT}/Manifest.lock",
			);
			name = "[CP] Check Pods Manifest.lock";
			outputFileListPaths = (
			);
			outputPaths = (
				"$(DERIVED_FILE_DIR)/Pods-NiceOneTask-checkManifestLockResult.txt",
			);
			runOnlyForDeploymentPostprocessing = 0;
			shellPath = /bin/sh;
			shellScript = "diff \"${PODS_PODFILE_DIR_PATH}/Podfile.lock\" \"${PODS_ROOT}/Manifest.lock\" > /dev/null\nif [ $? != 0 ] ; then\n    # print error to STDERR\n    echo \"error: The sandbox is not in sync with the Podfile.lock. Run 'pod install' or update your CocoaPods installation.\" >&2\n    exit 1\nfi\n# This output is used by Xcode 'outputs' to avoid re-running this script phase.\necho \"SUCCESS\" > \"${SCRIPT_OUTPUT_FILE_0}\"\n";
			showEnvVarsInLog = 0;
		};
		5D894733E1934A8C0FE9CCD3 /* [CP] Check Pods Manifest.lock */ = {
			isa = PBXShellScriptBuildPhase;
			buildActionMask = 2147483647;
			files = (
			);
			inputFileListPaths = (
			);
			inputPaths = (
				"${PODS_PODFILE_DIR_PATH}/Podfile.lock",
				"${PODS_ROOT}/Manifest.lock",
			);
			name = "[CP] Check Pods Manifest.lock";
			outputFileListPaths = (
			);
			outputPaths = (
				"$(DERIVED_FILE_DIR)/Pods-NiceOneTaskTests-checkManifestLockResult.txt",
			);
			runOnlyForDeploymentPostprocessing = 0;
			shellPath = /bin/sh;
			shellScript = "diff \"${PODS_PODFILE_DIR_PATH}/Podfile.lock\" \"${PODS_ROOT}/Manifest.lock\" > /dev/null\nif [ $? != 0 ] ; then\n    # print error to STDERR\n    echo \"error: The sandbox is not in sync with the Podfile.lock. Run 'pod install' or update your CocoaPods installation.\" >&2\n    exit 1\nfi\n# This output is used by Xcode 'outputs' to avoid re-running this script phase.\necho \"SUCCESS\" > \"${SCRIPT_OUTPUT_FILE_0}\"\n";
			showEnvVarsInLog = 0;
		};
		E0AFE5587E0178D70CAFD6CD /* [CP] Embed Pods Frameworks */ = {
			isa = PBXShellScriptBuildPhase;
			buildActionMask = 2147483647;
			files = (
			);
			inputFileListPaths = (
				"${PODS_ROOT}/Target Support Files/Pods-NiceOneTask/Pods-NiceOneTask-frameworks-${CONFIGURATION}-input-files.xcfilelist",
			);
			name = "[CP] Embed Pods Frameworks";
			outputFileListPaths = (
				"${PODS_ROOT}/Target Support Files/Pods-NiceOneTask/Pods-NiceOneTask-frameworks-${CONFIGURATION}-output-files.xcfilelist",
			);
			runOnlyForDeploymentPostprocessing = 0;
			shellPath = /bin/sh;
			shellScript = "\"${PODS_ROOT}/Target Support Files/Pods-NiceOneTask/Pods-NiceOneTask-frameworks.sh\"\n";
			showEnvVarsInLog = 0;
		};
/* End PBXShellScriptBuildPhase section */

/* Begin PBXSourcesBuildPhase section */
		D213D4362B40566400F54720 /* Sources */ = {
			isa = PBXSourcesBuildPhase;
			buildActionMask = 2147483647;
			files = (
				D2935FB12B44ABC9008A6DC9 /* TableCell.swift in Sources */,
				D213D4422B40566400F54720 /* ShoppingBasketVC.swift in Sources */,
				D213D43E2B40566400F54720 /* AppDelegate.swift in Sources */,
				D213D4402B40566400F54720 /* SceneDelegate.swift in Sources */,
				D2935FB42B458881008A6DC9 /* ProductCell.swift in Sources */,
				D2935FA32B4413A9008A6DC9 /* ShoppingBasketModel.swift in Sources */,
				D2935FAD2B449BEF008A6DC9 /* ColorExtension.swift in Sources */,
			);
			runOnlyForDeploymentPostprocessing = 0;
		};
		D213D44C2B40566800F54720 /* Sources */ = {
			isa = PBXSourcesBuildPhase;
			buildActionMask = 2147483647;
			files = (
				D213D4552B40566800F54720 /* NiceOneTaskTests.swift in Sources */,
			);
			runOnlyForDeploymentPostprocessing = 0;
		};
		D213D4562B40566800F54720 /* Sources */ = {
			isa = PBXSourcesBuildPhase;
			buildActionMask = 2147483647;
			files = (
				D213D45F2B40566800F54720 /* NiceOneTaskUITests.swift in Sources */,
				D213D4612B40566800F54720 /* NiceOneTaskUITestsLaunchTests.swift in Sources */,
			);
			runOnlyForDeploymentPostprocessing = 0;
		};
/* End PBXSourcesBuildPhase section */

/* Begin PBXTargetDependency section */
		D213D4522B40566800F54720 /* PBXTargetDependency */ = {
			isa = PBXTargetDependency;
			target = D213D4392B40566400F54720 /* NiceOneTask */;
			targetProxy = D213D4512B40566800F54720 /* PBXContainerItemProxy */;
		};
		D213D45C2B40566800F54720 /* PBXTargetDependency */ = {
			isa = PBXTargetDependency;
			target = D213D4392B40566400F54720 /* NiceOneTask */;
			targetProxy = D213D45B2B40566800F54720 /* PBXContainerItemProxy */;
		};
/* End PBXTargetDependency section */

/* Begin PBXVariantGroup section */
		D213D4482B40566700F54720 /* LaunchScreen.storyboard */ = {
			isa = PBXVariantGroup;
			children = (
				D213D4492B40566700F54720 /* Base */,
			);
			name = LaunchScreen.storyboard;
			sourceTree = "<group>";
		};
/* End PBXVariantGroup section */

/* Begin XCBuildConfiguration section */
		D213D4622B40566800F54720 /* Debug */ = {
			isa = XCBuildConfiguration;
			buildSettings = {
				ALWAYS_SEARCH_USER_PATHS = NO;
				CLANG_ANALYZER_NONNULL = YES;
				CLANG_ANALYZER_NUMBER_OBJECT_CONVERSION = YES_AGGRESSIVE;
				CLANG_CXX_LANGUAGE_STANDARD = "gnu++20";
				CLANG_ENABLE_MODULES = YES;
				CLANG_ENABLE_OBJC_ARC = YES;
				CLANG_ENABLE_OBJC_WEAK = YES;
				CLANG_WARN_BLOCK_CAPTURE_AUTORELEASING = YES;
				CLANG_WARN_BOOL_CONVERSION = YES;
				CLANG_WARN_COMMA = YES;
				CLANG_WARN_CONSTANT_CONVERSION = YES;
				CLANG_WARN_DEPRECATED_OBJC_IMPLEMENTATIONS = YES;
				CLANG_WARN_DIRECT_OBJC_ISA_USAGE = YES_ERROR;
				CLANG_WARN_DOCUMENTATION_COMMENTS = YES;
				CLANG_WARN_EMPTY_BODY = YES;
				CLANG_WARN_ENUM_CONVERSION = YES;
				CLANG_WARN_INFINITE_RECURSION = YES;
				CLANG_WARN_INT_CONVERSION = YES;
				CLANG_WARN_NON_LITERAL_NULL_CONVERSION = YES;
				CLANG_WARN_OBJC_IMPLICIT_RETAIN_SELF = YES;
				CLANG_WARN_OBJC_LITERAL_CONVERSION = YES;
				CLANG_WARN_OBJC_ROOT_CLASS = YES_ERROR;
				CLANG_WARN_QUOTED_INCLUDE_IN_FRAMEWORK_HEADER = YES;
				CLANG_WARN_RANGE_LOOP_ANALYSIS = YES;
				CLANG_WARN_STRICT_PROTOTYPES = YES;
				CLANG_WARN_SUSPICIOUS_MOVE = YES;
				CLANG_WARN_UNGUARDED_AVAILABILITY = YES_AGGRESSIVE;
				CLANG_WARN_UNREACHABLE_CODE = YES;
				CLANG_WARN__DUPLICATE_METHOD_MATCH = YES;
				COPY_PHASE_STRIP = NO;
				DEBUG_INFORMATION_FORMAT = dwarf;
				ENABLE_STRICT_OBJC_MSGSEND = YES;
				ENABLE_TESTABILITY = YES;
				GCC_C_LANGUAGE_STANDARD = gnu11;
				GCC_DYNAMIC_NO_PIC = NO;
				GCC_NO_COMMON_BLOCKS = YES;
				GCC_OPTIMIZATION_LEVEL = 0;
				GCC_PREPROCESSOR_DEFINITIONS = (
					"DEBUG=1",
					"$(inherited)",
				);
				GCC_WARN_64_TO_32_BIT_CONVERSION = YES;
				GCC_WARN_ABOUT_RETURN_TYPE = YES_ERROR;
				GCC_WARN_UNDECLARED_SELECTOR = YES;
				GCC_WARN_UNINITIALIZED_AUTOS = YES_AGGRESSIVE;
				GCC_WARN_UNUSED_FUNCTION = YES;
				GCC_WARN_UNUSED_VARIABLE = YES;
				IPHONEOS_DEPLOYMENT_TARGET = 16.2;
				MTL_ENABLE_DEBUG_INFO = INCLUDE_SOURCE;
				MTL_FAST_MATH = YES;
				ONLY_ACTIVE_ARCH = YES;
				SDKROOT = iphoneos;
				SWIFT_ACTIVE_COMPILATION_CONDITIONS = DEBUG;
				SWIFT_OPTIMIZATION_LEVEL = "-Onone";
			};
			name = Debug;
		};
		D213D4632B40566800F54720 /* Release */ = {
			isa = XCBuildConfiguration;
			buildSettings = {
				ALWAYS_SEARCH_USER_PATHS = NO;
				CLANG_ANALYZER_NONNULL = YES;
				CLANG_ANALYZER_NUMBER_OBJECT_CONVERSION = YES_AGGRESSIVE;
				CLANG_CXX_LANGUAGE_STANDARD = "gnu++20";
				CLANG_ENABLE_MODULES = YES;
				CLANG_ENABLE_OBJC_ARC = YES;
				CLANG_ENABLE_OBJC_WEAK = YES;
				CLANG_WARN_BLOCK_CAPTURE_AUTORELEASING = YES;
				CLANG_WARN_BOOL_CONVERSION = YES;
				CLANG_WARN_COMMA = YES;
				CLANG_WARN_CONSTANT_CONVERSION = YES;
				CLANG_WARN_DEPRECATED_OBJC_IMPLEMENTATIONS = YES;
				CLANG_WARN_DIRECT_OBJC_ISA_USAGE = YES_ERROR;
				CLANG_WARN_DOCUMENTATION_COMMENTS = YES;
				CLANG_WARN_EMPTY_BODY = YES;
				CLANG_WARN_ENUM_CONVERSION = YES;
				CLANG_WARN_INFINITE_RECURSION = YES;
				CLANG_WARN_INT_CONVERSION = YES;
				CLANG_WARN_NON_LITERAL_NULL_CONVERSION = YES;
				CLANG_WARN_OBJC_IMPLICIT_RETAIN_SELF = YES;
				CLANG_WARN_OBJC_LITERAL_CONVERSION = YES;
				CLANG_WARN_OBJC_ROOT_CLASS = YES_ERROR;
				CLANG_WARN_QUOTED_INCLUDE_IN_FRAMEWORK_HEADER = YES;
				CLANG_WARN_RANGE_LOOP_ANALYSIS = YES;
				CLANG_WARN_STRICT_PROTOTYPES = YES;
				CLANG_WARN_SUSPICIOUS_MOVE = YES;
				CLANG_WARN_UNGUARDED_AVAILABILITY = YES_AGGRESSIVE;
				CLANG_WARN_UNREACHABLE_CODE = YES;
				CLANG_WARN__DUPLICATE_METHOD_MATCH = YES;
				COPY_PHASE_STRIP = NO;
				DEBUG_INFORMATION_FORMAT = "dwarf-with-dsym";
				ENABLE_NS_ASSERTIONS = NO;
				ENABLE_STRICT_OBJC_MSGSEND = YES;
				GCC_C_LANGUAGE_STANDARD = gnu11;
				GCC_NO_COMMON_BLOCKS = YES;
				GCC_WARN_64_TO_32_BIT_CONVERSION = YES;
				GCC_WARN_ABOUT_RETURN_TYPE = YES_ERROR;
				GCC_WARN_UNDECLARED_SELECTOR = YES;
				GCC_WARN_UNINITIALIZED_AUTOS = YES_AGGRESSIVE;
				GCC_WARN_UNUSED_FUNCTION = YES;
				GCC_WARN_UNUSED_VARIABLE = YES;
				IPHONEOS_DEPLOYMENT_TARGET = 16.2;
				MTL_ENABLE_DEBUG_INFO = NO;
				MTL_FAST_MATH = YES;
				SDKROOT = iphoneos;
				SWIFT_COMPILATION_MODE = wholemodule;
				SWIFT_OPTIMIZATION_LEVEL = "-O";
				VALIDATE_PRODUCT = YES;
			};
			name = Release;
		};
		D213D4652B40566800F54720 /* Debug */ = {
			isa = XCBuildConfiguration;
			baseConfigurationReference = DF7658AB700E33587B1848CF /* Pods-NiceOneTask.debug.xcconfig */;
			buildSettings = {
				ASSETCATALOG_COMPILER_APPICON_NAME = AppIcon;
				ASSETCATALOG_COMPILER_GLOBAL_ACCENT_COLOR_NAME = AccentColor;
				CODE_SIGN_STYLE = Automatic;
				CURRENT_PROJECT_VERSION = 1;
				GENERATE_INFOPLIST_FILE = YES;
				INFOPLIST_FILE = NiceOneTask/Info.plist;
				INFOPLIST_KEY_UIApplicationSupportsIndirectInputEvents = YES;
				INFOPLIST_KEY_UILaunchStoryboardName = LaunchScreen;
				INFOPLIST_KEY_UISupportedInterfaceOrientations = UIInterfaceOrientationPortrait;
				INFOPLIST_KEY_UISupportedInterfaceOrientations_iPad = "UIInterfaceOrientationLandscapeLeft UIInterfaceOrientationLandscapeRight UIInterfaceOrientationPortrait UIInterfaceOrientationPortraitUpsideDown";
				LD_RUNPATH_SEARCH_PATHS = (
					"$(inherited)",
					"@executable_path/Frameworks",
				);
				MARKETING_VERSION = 1.0;
				PRODUCT_BUNDLE_IDENTIFIER = swift.com.practice.NiceOneTask;
				PRODUCT_NAME = "$(TARGET_NAME)";
				SWIFT_EMIT_LOC_STRINGS = YES;
				SWIFT_VERSION = 5.0;
				TARGETED_DEVICE_FAMILY = "1,2";
			};
			name = Debug;
		};
		D213D4662B40566800F54720 /* Release */ = {
			isa = XCBuildConfiguration;
			baseConfigurationReference = 73E7B54EF9E5546DE90A5B3A /* Pods-NiceOneTask.release.xcconfig */;
			buildSettings = {
				ASSETCATALOG_COMPILER_APPICON_NAME = AppIcon;
				ASSETCATALOG_COMPILER_GLOBAL_ACCENT_COLOR_NAME = AccentColor;
				CODE_SIGN_STYLE = Automatic;
				CURRENT_PROJECT_VERSION = 1;
				GENERATE_INFOPLIST_FILE = YES;
				INFOPLIST_FILE = NiceOneTask/Info.plist;
				INFOPLIST_KEY_UIApplicationSupportsIndirectInputEvents = YES;
				INFOPLIST_KEY_UILaunchStoryboardName = LaunchScreen;
				INFOPLIST_KEY_UISupportedInterfaceOrientations = UIInterfaceOrientationPortrait;
				INFOPLIST_KEY_UISupportedInterfaceOrientations_iPad = "UIInterfaceOrientationLandscapeLeft UIInterfaceOrientationLandscapeRight UIInterfaceOrientationPortrait UIInterfaceOrientationPortraitUpsideDown";
				LD_RUNPATH_SEARCH_PATHS = (
					"$(inherited)",
					"@executable_path/Frameworks",
				);
				MARKETING_VERSION = 1.0;
				PRODUCT_BUNDLE_IDENTIFIER = swift.com.practice.NiceOneTask;
				PRODUCT_NAME = "$(TARGET_NAME)";
				SWIFT_EMIT_LOC_STRINGS = YES;
				SWIFT_VERSION = 5.0;
				TARGETED_DEVICE_FAMILY = "1,2";
			};
			name = Release;
		};
		D213D4682B40566800F54720 /* Debug */ = {
			isa = XCBuildConfiguration;
			baseConfigurationReference = 9781838372D698E3179706A4 /* Pods-NiceOneTaskTests.debug.xcconfig */;
			buildSettings = {
				ALWAYS_EMBED_SWIFT_STANDARD_LIBRARIES = YES;
				BUNDLE_LOADER = "$(TEST_HOST)";
				CODE_SIGN_STYLE = Automatic;
				CURRENT_PROJECT_VERSION = 1;
				GENERATE_INFOPLIST_FILE = YES;
				IPHONEOS_DEPLOYMENT_TARGET = 16.2;
				MARKETING_VERSION = 1.0;
				PRODUCT_BUNDLE_IDENTIFIER = swift.com.practice.NiceOneTaskTests;
				PRODUCT_NAME = "$(TARGET_NAME)";
				SWIFT_EMIT_LOC_STRINGS = NO;
				SWIFT_VERSION = 5.0;
				TARGETED_DEVICE_FAMILY = "1,2";
				TEST_HOST = "$(BUILT_PRODUCTS_DIR)/NiceOneTask.app/$(BUNDLE_EXECUTABLE_FOLDER_PATH)/NiceOneTask";
			};
			name = Debug;
		};
		D213D4692B40566800F54720 /* Release */ = {
			isa = XCBuildConfiguration;
			baseConfigurationReference = 264F103914366B31C1AC95C0 /* Pods-NiceOneTaskTests.release.xcconfig */;
			buildSettings = {
				ALWAYS_EMBED_SWIFT_STANDARD_LIBRARIES = YES;
				BUNDLE_LOADER = "$(TEST_HOST)";
				CODE_SIGN_STYLE = Automatic;
				CURRENT_PROJECT_VERSION = 1;
				GENERATE_INFOPLIST_FILE = YES;
				IPHONEOS_DEPLOYMENT_TARGET = 16.2;
				MARKETING_VERSION = 1.0;
				PRODUCT_BUNDLE_IDENTIFIER = swift.com.practice.NiceOneTaskTests;
				PRODUCT_NAME = "$(TARGET_NAME)";
				SWIFT_EMIT_LOC_STRINGS = NO;
				SWIFT_VERSION = 5.0;
				TARGETED_DEVICE_FAMILY = "1,2";
				TEST_HOST = "$(BUILT_PRODUCTS_DIR)/NiceOneTask.app/$(BUNDLE_EXECUTABLE_FOLDER_PATH)/NiceOneTask";
			};
			name = Release;
		};
		D213D46B2B40566800F54720 /* Debug */ = {
			isa = XCBuildConfiguration;
			baseConfigurationReference = 6061CE3ADA7B751D166CD696 /* Pods-NiceOneTask-NiceOneTaskUITests.debug.xcconfig */;
			buildSettings = {
				ALWAYS_EMBED_SWIFT_STANDARD_LIBRARIES = YES;
				CODE_SIGN_STYLE = Automatic;
				CURRENT_PROJECT_VERSION = 1;
				GENERATE_INFOPLIST_FILE = YES;
				MARKETING_VERSION = 1.0;
				PRODUCT_BUNDLE_IDENTIFIER = swift.com.practice.NiceOneTaskUITests;
				PRODUCT_NAME = "$(TARGET_NAME)";
				SWIFT_EMIT_LOC_STRINGS = NO;
				SWIFT_VERSION = 5.0;
				TARGETED_DEVICE_FAMILY = "1,2";
				TEST_TARGET_NAME = NiceOneTask;
			};
			name = Debug;
		};
		D213D46C2B40566800F54720 /* Release */ = {
			isa = XCBuildConfiguration;
			baseConfigurationReference = ADB83C4D85BE6A51F097DED2 /* Pods-NiceOneTask-NiceOneTaskUITests.release.xcconfig */;
			buildSettings = {
				ALWAYS_EMBED_SWIFT_STANDARD_LIBRARIES = YES;
				CODE_SIGN_STYLE = Automatic;
				CURRENT_PROJECT_VERSION = 1;
				GENERATE_INFOPLIST_FILE = YES;
				MARKETING_VERSION = 1.0;
				PRODUCT_BUNDLE_IDENTIFIER = swift.com.practice.NiceOneTaskUITests;
				PRODUCT_NAME = "$(TARGET_NAME)";
				SWIFT_EMIT_LOC_STRINGS = NO;
				SWIFT_VERSION = 5.0;
				TARGETED_DEVICE_FAMILY = "1,2";
				TEST_TARGET_NAME = NiceOneTask;
			};
			name = Release;
		};
/* End XCBuildConfiguration section */

/* Begin XCConfigurationList section */
		D213D4352B40566400F54720 /* Build configuration list for PBXProject "NiceOneTask" */ = {
			isa = XCConfigurationList;
			buildConfigurations = (
				D213D4622B40566800F54720 /* Debug */,
				D213D4632B40566800F54720 /* Release */,
			);
			defaultConfigurationIsVisible = 0;
			defaultConfigurationName = Release;
		};
		D213D4642B40566800F54720 /* Build configuration list for PBXNativeTarget "NiceOneTask" */ = {
			isa = XCConfigurationList;
			buildConfigurations = (
				D213D4652B40566800F54720 /* Debug */,
				D213D4662B40566800F54720 /* Release */,
			);
			defaultConfigurationIsVisible = 0;
			defaultConfigurationName = Release;
		};
		D213D4672B40566800F54720 /* Build configuration list for PBXNativeTarget "NiceOneTaskTests" */ = {
			isa = XCConfigurationList;
			buildConfigurations = (
				D213D4682B40566800F54720 /* Debug */,
				D213D4692B40566800F54720 /* Release */,
			);
			defaultConfigurationIsVisible = 0;
			defaultConfigurationName = Release;
		};
		D213D46A2B40566800F54720 /* Build configuration list for PBXNativeTarget "NiceOneTaskUITests" */ = {
			isa = XCConfigurationList;
			buildConfigurations = (
				D213D46B2B40566800F54720 /* Debug */,
				D213D46C2B40566800F54720 /* Release */,
			);
			defaultConfigurationIsVisible = 0;
			defaultConfigurationName = Release;
		};
/* End XCConfigurationList section */
	};
	rootObject = D213D4322B40566400F54720 /* Project object */;
}
